
Microsoft Visual Studio Solution File, Format Version 12.00
# Visual Studio 2012
Project("{FAE04EC0-301F-11D3-BF4B-00C04F79EFBC}") = "BLEDemo", "BLEDemo\BLEDemo.csproj", "{06F5A165-4945-4304-BB38-7B8664FCDD18}"
EndProject
Project("{FAE04EC0-301F-11D3-BF4B-00C04F79EFBC}") = "BLEDemo.iOS", "iOS\BLEDemo.iOS.csproj", "{46B359CA-E03F-4F7A-8A25-2928546177C6}"
EndProject
Project("{FAE04EC0-301F-11D3-BF4B-00C04F79EFBC}") = "BLEDemo.Droid", "Droid\BLEDemo.Droid.csproj", "{BD467355-C8FA-4D61-888B-6786FF1C7C5F}"
EndProject
Global
	GlobalSection(SolutionConfigurationPlatforms) = preSolution
		Debug|Any CPU = Debug|Any CPU
		Release|Any CPU = Release|Any CPU
		Debug|iPhoneSimulator = Debug|iPhoneSimulator
		Release|iPhone = Release|iPhone
		Release|iPhoneSimulator = Release|iPhoneSimulator
		Debug|iPhone = Debug|iPhone
	EndGlobalSection
	GlobalSection(ProjectConfigurationPlatforms) = postSolution
		{06F5A165-4945-4304-BB38-7B8664FCDD18}.Debug|Any CPU.ActiveCfg = Debug|Any CPU
		{06F5A165-4945-4304-BB38-7B8664FCDD18}.Debug|Any CPU.Build.0 = Debug|Any CPU
		{06F5A165-4945-4304-BB38-7B8664FCDD18}.Release|Any CPU.ActiveCfg = Release|Any CPU
		{06F5A165-4945-4304-BB38-7B8664FCDD18}.Release|Any CPU.Build.0 = Release|Any CPU
		{06F5A165-4945-4304-BB38-7B8664FCDD18}.Debug|iPhoneSimulator.ActiveCfg = Debug|Any CPU
		{06F5A165-4945-4304-BB38-7B8664FCDD18}.Debug|iPhoneSimulator.Build.0 = Debug|Any CPU
		{06F5A165-4945-4304-BB38-7B8664FCDD18}.Release|iPhone.ActiveCfg = Release|Any CPU
		{06F5A165-4945-4304-BB38-7B8664FCDD18}.Release|iPhone.Build.0 = Release|Any CPU
		{06F5A165-4945-4304-BB38-7B8664FCDD18}.Release|iPhoneSimulator.ActiveCfg = Release|Any CPU
		{06F5A165-4945-4304-BB38-7B8664FCDD18}.Release|iPhoneSimulator.Build.0 = Release|Any CPU
		{06F5A165-4945-4304-BB38-7B8664FCDD18}.Debug|iPhone.ActiveCfg = Debug|Any CPU
		{06F5A165-4945-4304-BB38-7B8664FCDD18}.Debug|iPhone.Build.0 = Debug|Any CPU
		{46B359CA-E03F-4F7A-8A25-2928546177C6}.Debug|Any CPU.ActiveCfg = Debug|iPhoneSimulator
		{46B359CA-E03F-4F7A-8A25-2928546177C6}.Debug|Any CPU.Build.0 = Debug|iPhoneSimulator
		{46B359CA-E03F-4F7A-8A25-2928546177C6}.Release|Any CPU.ActiveCfg = Release|iPhone
		{46B359CA-E03F-4F7A-8A25-2928546177C6}.Release|Any CPU.Build.0 = Release|iPhone
		{46B359CA-E03F-4F7A-8A25-2928546177C6}.Debug|iPhoneSimulator.ActiveCfg = Debug|iPhoneSimulator
		{46B359CA-E03F-4F7A-8A25-2928546177C6}.Debug|iPhoneSimulator.Build.0 = Debug|iPhoneSimulator
		{46B359CA-E03F-4F7A-8A25-2928546177C6}.Release|iPhone.ActiveCfg = Release|iPhone
		{46B359CA-E03F-4F7A-8A25-2928546177C6}.Release|iPhone.Build.0 = Release|iPhone
		{46B359CA-E03F-4F7A-8A25-2928546177C6}.Release|iPhoneSimulator.ActiveCfg = Release|iPhoneSimulator
		{46B359CA-E03F-4F7A-8A25-2928546177C6}.Release|iPhoneSimulator.Build.0 = Release|iPhoneSimulator
		{46B359CA-E03F-4F7A-8A25-2928546177C6}.Debug|iPhone.ActiveCfg = Debug|iPhone
		{46B359CA-E03F-4F7A-8A25-2928546177C6}.Debug|iPhone.Build.0 = Debug|iPhone
		{BD467355-C8FA-4D61-888B-6786FF1C7C5F}.Debug|Any CPU.ActiveCfg = Debug|Any CPU
		{BD467355-C8FA-4D61-888B-6786FF1C7C5F}.Debug|Any CPU.Build.0 = Debug|Any CPU
		{BD467355-C8FA-4D61-888B-6786FF1C7C5F}.Release|Any CPU.ActiveCfg = Release|Any CPU
		{BD467355-C8FA-4D61-888B-6786FF1C7C5F}.Release|Any CPU.Build.0 = Release|Any CPU
		{BD467355-C8FA-4D61-888B-6786FF1C7C5F}.Debug|iPhoneSimulator.ActiveCfg = Debug|Any CPU
		{BD467355-C8FA-4D61-888B-6786FF1C7C5F}.Debug|iPhoneSimulator.Build.0 = Debug|Any CPU
		{BD467355-C8FA-4D61-888B-6786FF1C7C5F}.Release|iPhone.ActiveCfg = Release|Any CPU
		{BD467355-C8FA-4D61-888B-6786FF1C7C5F}.Release|iPhone.Build.0 = Release|Any CPU
		{BD467355-C8FA-4D61-888B-6786FF1C7C5F}.Release|iPhoneSimulator.ActiveCfg = Release|Any CPU
		{BD467355-C8FA-4D61-888B-6786FF1C7C5F}.Release|iPhoneSimulator.Build.0 = Release|Any CPU
		{BD467355-C8FA-4D61-888B-6786FF1C7C5F}.Debug|iPhone.ActiveCfg = Debug|Any CPU
		{BD467355-C8FA-4D61-888B-6786FF1C7C5F}.Debug|iPhone.Build.0 = Debug|Any CPU
	EndGlobalSection
EndGlobal
